
Microsoft Visual Studio Solution File, Format Version 12.00
# Visual Studio 15
VisualStudioVersion = 15.0.28307.329
MinimumVisualStudioVersion = 10.0.40219.1
Project("{FAE04EC0-301F-11D3-BF4B-00C04F79EFBC}") = "MatchOrganizer", "MatchOrganizer\MatchOrganizer.csproj", "{2DF8232E-4833-4663-ACC7-9A98CF50A111}"
EndProject
Project("{FAE04EC0-301F-11D3-BF4B-00C04F79EFBC}") = "Services", "Services\Services.csproj", "{55237A38-E8B8-425C-B88A-BCF732D9960B}"
EndProject
Project("{FAE04EC0-301F-11D3-BF4B-00C04F79EFBC}") = "Database", "Database\Database.csproj", "{554DF7A3-DDF2-40F8-ACD2-51F4971E4331}"
EndProject
Global
	GlobalSection(SolutionConfigurationPlatforms) = preSolution
		Debug|Any CPU = Debug|Any CPU
		Release|Any CPU = Release|Any CPU
	EndGlobalSection
	GlobalSection(ProjectConfigurationPlatforms) = postSolution
		{2DF8232E-4833-4663-ACC7-9A98CF50A111}.Debug|Any CPU.ActiveCfg = Debug|Any CPU
		{2DF8232E-4833-4663-ACC7-9A98CF50A111}.Debug|Any CPU.Build.0 = Debug|Any CPU
		{2DF8232E-4833-4663-ACC7-9A98CF50A111}.Release|Any CPU.ActiveCfg = Release|Any CPU
		{2DF8232E-4833-4663-ACC7-9A98CF50A111}.Release|Any CPU.Build.0 = Release|Any CPU
		{55237A38-E8B8-425C-B88A-BCF732D9960B}.Debug|Any CPU.ActiveCfg = Debug|Any CPU
		{55237A38-E8B8-425C-B88A-BCF732D9960B}.Debug|Any CPU.Build.0 = Debug|Any CPU
		{55237A38-E8B8-425C-B88A-BCF732D9960B}.Release|Any CPU.ActiveCfg = Release|Any CPU
		{55237A38-E8B8-425C-B88A-BCF732D9960B}.Release|Any CPU.Build.0 = Release|Any CPU
		{554DF7A3-DDF2-40F8-ACD2-51F4971E4331}.Debug|Any CPU.ActiveCfg = Debug|Any CPU
		{554DF7A3-DDF2-40F8-ACD2-51F4971E4331}.Debug|Any CPU.Build.0 = Debug|Any CPU
		{554DF7A3-DDF2-40F8-ACD2-51F4971E4331}.Release|Any CPU.ActiveCfg = Release|Any CPU
		{554DF7A3-DDF2-40F8-ACD2-51F4971E4331}.Release|Any CPU.Build.0 = Release|Any CPU
	EndGlobalSection
	GlobalSection(SolutionProperties) = preSolution
		HideSolutionNode = FALSE
	EndGlobalSection
	GlobalSection(ExtensibilityGlobals) = postSolution
		SolutionGuid = {4AA8F037-13C3-473A-94DD-8C27807196D2}
	EndGlobalSection
EndGlobal
